
Microsoft Visual Studio Solution File, Format Version 12.00
# Visual Studio 15
VisualStudioVersion = 15.0.28307.438
MinimumVisualStudioVersion = 10.0.40219.1
Project("{8BC9CEB8-8B4A-11D0-8D11-00A0C91BC942}") = "Project1", "Project1\Project1.vcxproj", "{965760C8-39F7-4E5B-92AB-E9C7C8D2D227}"
EndProject
Global
	GlobalSection(SolutionConfigurationPlatforms) = preSolution
		Debug|x64 = Debug|x64
		Debug|x86 = Debug|x86
		Release|x64 = Release|x64
		Release|x86 = Release|x86
	EndGlobalSection
	GlobalSection(ProjectConfigurationPlatforms) = postSolution
		{965760C8-39F7-4E5B-92AB-E9C7C8D2D227}.Debug|x64.ActiveCfg = Debug|x64
		{965760C8-39F7-4E5B-92AB-E9C7C8D2D227}.Debug|x64.Build.0 = Debug|x64
		{965760C8-39F7-4E5B-92AB-E9C7C8D2D227}.Debug|x86.ActiveCfg = Debug|Win32
		{965760C8-39F7-4E5B-92AB-E9C7C8D2D227}.Debug|x86.Build.0 = Debug|Win32
		{965760C8-39F7-4E5B-92AB-E9C7C8D2D227}.Release|x64.ActiveCfg = Release|x64
		{965760C8-39F7-4E5B-92AB-E9C7C8D2D227}.Release|x64.Build.0 = Release|x64
		{965760C8-39F7-4E5B-92AB-E9C7C8D2D227}.Release|x86.ActiveCfg = Release|Win32
		{965760C8-39F7-4E5B-92AB-E9C7C8D2D227}.Release|x86.Build.0 = Release|Win32
	EndGlobalSection
	GlobalSection(SolutionProperties) = preSolution
		HideSolutionNode = FALSE
	EndGlobalSection
	GlobalSection(ExtensibilityGlobals) = postSolution
		SolutionGuid = {9AD16454-0188-4718-A26C-5AAA03BA3009}
	EndGlobalSection
EndGlobal
